
Microsoft Visual Studio Solution File, Format Version 12.00
# Visual Studio Version 17
VisualStudioVersion = 17.5.002.0
MinimumVisualStudioVersion = 10.0.40219.1
Project("{9A19103F-16F7-4668-BE54-9A1E7A4F7556}") = "BloodBankAPI", "BloodBankAPI.csproj", "{8C63759B-0D86-4FCA-8634-B3DCE3588D7E}"
EndProject
Global
	GlobalSection(SolutionConfigurationPlatforms) = preSolution
		Debug|Any CPU = Debug|Any CPU
		Release|Any CPU = Release|Any CPU
	EndGlobalSection
	GlobalSection(ProjectConfigurationPlatforms) = postSolution
		{8C63759B-0D86-4FCA-8634-B3DCE3588D7E}.Debug|Any CPU.ActiveCfg = Debug|Any CPU
		{8C63759B-0D86-4FCA-8634-B3DCE3588D7E}.Debug|Any CPU.Build.0 = Debug|Any CPU
		{8C63759B-0D86-4FCA-8634-B3DCE3588D7E}.Release|Any CPU.ActiveCfg = Release|Any CPU
		{8C63759B-0D86-4FCA-8634-B3DCE3588D7E}.Release|Any CPU.Build.0 = Release|Any CPU
	EndGlobalSection
	GlobalSection(SolutionProperties) = preSolution
		HideSolutionNode = FALSE
	EndGlobalSection
	GlobalSection(ExtensibilityGlobals) = postSolution
		SolutionGuid = {C8313AC1-B426-4655-AD67-A018F539BD06}
	EndGlobalSection
EndGlobal
